<?xml version="1.0" encoding="utf-8"?>
<Project ToolsVersion="4.0" xmlns="http://schemas.microsoft.com/developer/msbuild/2003">
  <ItemGroup>
    <Filter Include="Source Files">
      <UniqueIdentifier>{4FC737F1-C7A5-4376-A066-2A32D752A2FF}</UniqueIdentifier>
      <Extensions>cpp;c;cc;cxx;def;odl;idl;hpj;bat;asm;asmx</Extensions>
    </Filter>
    <Filter Include="Header Files">
      <UniqueIdentifier>{93995380-89BD-4b04-88EB-625FBE52EBFB}</UniqueIdentifier>
      <Extensions>h;hpp;hxx;hm;inl;inc;xsd</Extensions>
    </Filter>
    <Filter Include="Resource Files">
      <UniqueIdentifier>{67DA6AB6-F800-4c08-8B7A-83BB121AAD01}</UniqueIdentifier>
      <Extensions>rc;ico;cur;bmp;dlg;rc2;rct;bin;rgs;gif;jpg;jpeg;jpe;resx;tiff;tif;png;wav;mfcribbon-ms</Extensions>
    </Filter>
    <Filter Include="Header Files\Utility">
      <UniqueIdentifier>{254123d7-02e9-4660-8dbb-8f49379aee41}</UniqueIdentifier>
    </Filter>
    <Filter Include="Header Files\GridLoading">
      <UniqueIdentifier>{f08894cb-2a71-47ad-b437-6ca84e06d1fa}</UniqueIdentifier>
    </Filter>
    <Filter Include="Header Files\GridGeneration">
      <UniqueIdentifier>{f7761cfe-4d78-4ed9-b8d6-cdcb1ac1baf6}</UniqueIdentifier>
    </Filter>
    <Filter Include="Header Files\RiemannSolvers">
      <UniqueIdentifier>{2fadc18e-377d-4313-b0ef-18035a04d68e}</UniqueIdentifier>
    </Filter>
    <Filter Include="Header Files\Alglib">
      <UniqueIdentifier>{01bc6e70-fc46-42a5-8361-e7dfcad034f6}</UniqueIdentifier>
    </Filter>
    <Filter Include="Header Files\LinearSolvers">
      <UniqueIdentifier>{0d48f905-8e9c-44f9-b849-2ae314bca799}</UniqueIdentifier>
    </Filter>
    <Filter Include="Header Files\LinearSolvers\CUDA">
      <UniqueIdentifier>{ffb8e916-a97d-47bc-bab5-9f380f453cb1}</UniqueIdentifier>
    </Filter>
    <Filter Include="Header Files\MainSolver">
      <UniqueIdentifier>{58eba5fb-c366-4b34-ac72-0518b5dae301}</UniqueIdentifier>
    </Filter>
    <Filter Include="Header Files\TurbulenceModels">
      <UniqueIdentifier>{32ba5afc-9e16-4675-8d62-7b6bb8346558}</UniqueIdentifier>
    </Filter>
    <Filter Include="Header Files\PostProcessing">
      <UniqueIdentifier>{c1529263-09a6-4cf1-9b0d-5907e75a5617}</UniqueIdentifier>
    </Filter>
    <Filter Include="Header Files\BoundaryConditions">
      <UniqueIdentifier>{39445cbe-c818-41b4-a15f-0e6fa09db068}</UniqueIdentifier>
    </Filter>
    <Filter Include="Header Files\InitialConditions">
      <UniqueIdentifier>{2bb16e69-4061-431a-baec-c92337aa010c}</UniqueIdentifier>
    </Filter>
    <Filter Include="Header Files\MainSolver\Configuration">
      <UniqueIdentifier>{a25b54e8-5715-4d6f-9d26-cc0c8a058435}</UniqueIdentifier>
    </Filter>
    <Filter Include="Header Files\GasModels">
      <UniqueIdentifier>{4da2224d-8a78-406a-a5d8-084bf6b97158}</UniqueIdentifier>
    </Filter>
    <Filter Include="Header Files\MeshAdaptation">
      <UniqueIdentifier>{af2181e6-eec1-4b4a-a10e-e74b7dcc5b3f}</UniqueIdentifier>
    </Filter>
    <Filter Include="Header Files\MeshMovement">
      <UniqueIdentifier>{19f8956d-6af9-4511-90e7-dc36e016ea19}</UniqueIdentifier>
    </Filter>
    <Filter Include="Header Files\TestCases">
      <UniqueIdentifier>{8e781f7e-e76e-4d15-bf31-c6f04eb34a75}</UniqueIdentifier>
    </Filter>
    <Filter Include="Header Files\TestCases\TestCases1D">
      <UniqueIdentifier>{2c32ba89-a344-4f0e-94bf-d541f43a8db5}</UniqueIdentifier>
    </Filter>
  </ItemGroup>
  <ItemGroup>
    <ClInclude Include="src\turbulentmodels\biffplatemodel.h">
      <Filter>Header Files\TurbulenceModels</Filter>
    </ClInclude>
    <ClInclude Include="src\turbulentmodels\garbarukmodel.h">
      <Filter>Header Files\TurbulenceModels</Filter>
    </ClInclude>
    <ClInclude Include="src\turbulentmodels\SAmodel.h">
      <Filter>Header Files\TurbulenceModels</Filter>
    </ClInclude>
    <ClInclude Include="src\utility\basetypes.h">
      <Filter>Header Files\Utility</Filter>
    </ClInclude>
    <ClInclude Include="src\utility\datatypes.h">
      <Filter>Header Files\Utility</Filter>
    </ClInclude>
    <ClInclude Include="src\gridloading\cgnsload.h">
      <Filter>Header Files\GridLoading</Filter>
    </ClInclude>
    <ClInclude Include="src\gridgeneration\gengrid1D.h">
      <Filter>Header Files\GridGeneration</Filter>
    </ClInclude>
    <ClInclude Include="src\gridgeneration\gengrid2D.h">
      <Filter>Header Files\GridGeneration</Filter>
    </ClInclude>
    <ClInclude Include="src\gridgeneration\gridgeneration.h">
      <Filter>Header Files\GridGeneration</Filter>
    </ClInclude>
    <ClInclude Include="src\riemannsolvers\perfect_gas_roe_3d.h">
      <Filter>Header Files\RiemannSolvers</Filter>
    </ClInclude>
    <ClInclude Include="src\riemannsolvers\riemannsolvers.h">
      <Filter>Header Files\RiemannSolvers</Filter>
    </ClInclude>
    <ClInclude Include="src\riemannsolvers\perfect_gas_godunov_3d.h">
      <Filter>Header Files\RiemannSolvers</Filter>
    </ClInclude>
    <ClInclude Include="src\linearsolvers\bicgstab.h">
      <Filter>Header Files\LinearSolvers</Filter>
    </ClInclude>
    <ClInclude Include="src\linearsolvers\cgCUDA.h">
      <Filter>Header Files\LinearSolvers\CUDA</Filter>
    </ClInclude>
    <ClInclude Include="src\linearsolvers\gmres.h">
      <Filter>Header Files\LinearSolvers</Filter>
    </ClInclude>
    <ClInclude Include="src\gridloading\triangleload.h">
      <Filter>Header Files\GridLoading</Filter>
    </ClInclude>
    <ClInclude Include="src\mainsolver\kernel.h">
      <Filter>Header Files\MainSolver</Filter>
    </ClInclude>
    <ClInclude Include="src\mainsolver\logger.h">
      <Filter>Header Files\MainSolver</Filter>
    </ClInclude>
    <ClInclude Include="src\gridloading\CGNSReader.h">
      <Filter>Header Files\GridLoading</Filter>
    </ClInclude>
    <ClInclude Include="src\mainsolver\parallelHelper.h">
      <Filter>Header Files\MainSolver</Filter>
    </ClInclude>
    <ClInclude Include="src\boundaryconditions\BoundaryCondition.h">
      <Filter>Header Files\BoundaryConditions</Filter>
    </ClInclude>
    <ClInclude Include="src\postprocessing\CGNSWriter.h">
      <Filter>Header Files\PostProcessing</Filter>
    </ClInclude>
    <ClInclude Include="src\mainsolver\configuration.h">
      <Filter>Header Files\MainSolver\Configuration</Filter>
    </ClInclude>
    <ClInclude Include="src\mainsolver\Configuration\BoundaryConditionConfiguration.h">
      <Filter>Header Files\MainSolver\Configuration</Filter>
    </ClInclude>
    <ClInclude Include="src\mainsolver\Configuration\GoverningEquationsConfiguration.h">
      <Filter>Header Files\MainSolver\Configuration</Filter>
    </ClInclude>
    <ClInclude Include="src\mainsolver\Configuration\GasModelConfiguration.h">
      <Filter>Header Files\MainSolver\Configuration</Filter>
    </ClInclude>
    <ClInclude Include="src\gasmodels\GasModel.h">
      <Filter>Header Files\GasModels</Filter>
    </ClInclude>
    <ClInclude Include="src\boundaryconditions\BoundaryConditions.h">
      <Filter>Header Files\BoundaryConditions</Filter>
    </ClInclude>
    <ClInclude Include="src\boundaryconditions\BCSymmetryPlane.h">
      <Filter>Header Files\BoundaryConditions</Filter>
    </ClInclude>
    <ClInclude Include="src\boundaryconditions\BCWallViscousIsothermal.h">
      <Filter>Header Files\BoundaryConditions</Filter>
    </ClInclude>
    <ClInclude Include="src\initialConditions\InitialConditions.h">
      <Filter>Header Files\InitialConditions</Filter>
    </ClInclude>
    <ClInclude Include="src\mainsolver\Configuration\SimulationConfiguration.h">
      <Filter>Header Files\MainSolver\Configuration</Filter>
    </ClInclude>
    <ClInclude Include="src\gridgeneration\gengrid3D.h">
      <Filter>Header Files\GridGeneration</Filter>
    </ClInclude>
    <ClInclude Include="src\mainsolver\grid.h">
      <Filter>Header Files\MainSolver</Filter>
    </ClInclude>
    <ClInclude Include="src\mainsolver\patch.h">
      <Filter>Header Files\MainSolver</Filter>
    </ClInclude>
    <ClInclude Include="src\stdafx.h">
      <Filter>Header Files</Filter>
    </ClInclude>
    <ClInclude Include="src\gasmodels\LomonosovFortovGasModel.h">
      <Filter>Header Files\GasModels</Filter>
    </ClInclude>
    <ClInclude Include="src\utility\utilityfunctions.h">
      <Filter>Header Files\Utility</Filter>
    </ClInclude>
    <ClInclude Include="src\riemannsolvers\RiemannSolver.h">
      <Filter>Header Files\RiemannSolvers</Filter>
    </ClInclude>
    <ClInclude Include="src\boundaryconditions\BCOutflowSupersonic.h">
      <Filter>Header Files\BoundaryConditions</Filter>
    </ClInclude>
    <ClInclude Include="src\boundaryconditions\BCInflowSupersonic.h">
      <Filter>Header Files\BoundaryConditions</Filter>
    </ClInclude>
    <ClInclude Include="src\gasmodels\PerfectGasModel.h">
      <Filter>Header Files\GasModels</Filter>
    </ClInclude>
    <ClInclude Include="src\initialconditions\ObsoleteTests.h">
      <Filter>Header Files\InitialConditions</Filter>
    </ClInclude>
    <ClInclude Include="src\utility\geomfunctions.h">
      <Filter>Header Files\Utility</Filter>
    </ClInclude>
    <ClInclude Include="src\meshmovement\MeshMovement.h">
      <Filter>Header Files\MeshMovement</Filter>
    </ClInclude>
    <ClInclude Include="src\utility\meshquality.h">
      <Filter>Header Files\Utility</Filter>
    </ClInclude>
    <ClInclude Include="src\testcases\TestCases1D\TestCase1D_1.h">
      <Filter>Header Files\TestCases\TestCases1D</Filter>
    </ClInclude>
    <ClInclude Include="src\testcases\TestCase.h">
      <Filter>Header Files\TestCases</Filter>
    </ClInclude>
    <ClInclude Include="src\mainsolver\Configuration\ALEConfiguration.h">
      <Filter>Header Files\MainSolver\Configuration</Filter>
    </ClInclude>
  </ItemGroup>
  <ItemGroup>
    <ClCompile Include="src\main.cpp">
      <Filter>Source Files</Filter>
    </ClCompile>
    <ClCompile Include="libs\alglib-3.8.0.cpp\cpp\src\alglibinternal.cpp">
      <Filter>Header Files\Alglib</Filter>
    </ClCompile>
    <ClCompile Include="libs\alglib-3.8.0.cpp\cpp\src\alglibmisc.cpp">
      <Filter>Header Files\Alglib</Filter>
    </ClCompile>
    <ClCompile Include="libs\alglib-3.8.0.cpp\cpp\src\ap.cpp">
      <Filter>Header Files\Alglib</Filter>
    </ClCompile>
    <ClCompile Include="libs\alglib-3.8.0.cpp\cpp\src\dataanalysis.cpp">
      <Filter>Header Files\Alglib</Filter>
    </ClCompile>
    <ClCompile Include="libs\alglib-3.8.0.cpp\cpp\src\diffequations.cpp">
      <Filter>Header Files\Alglib</Filter>
    </ClCompile>
    <ClCompile Include="libs\alglib-3.8.0.cpp\cpp\src\fasttransforms.cpp">
      <Filter>Header Files\Alglib</Filter>
    </ClCompile>
    <ClCompile Include="libs\alglib-3.8.0.cpp\cpp\src\integration.cpp">
      <Filter>Header Files\Alglib</Filter>
    </ClCompile>
    <ClCompile Include="libs\alglib-3.8.0.cpp\cpp\src\interpolation.cpp">
      <Filter>Header Files\Alglib</Filter>
    </ClCompile>
    <ClCompile Include="libs\alglib-3.8.0.cpp\cpp\src\linalg.cpp">
      <Filter>Header Files\Alglib</Filter>
    </ClCompile>
    <ClCompile Include="libs\alglib-3.8.0.cpp\cpp\src\optimization.cpp">
      <Filter>Header Files\Alglib</Filter>
    </ClCompile>
    <ClCompile Include="libs\alglib-3.8.0.cpp\cpp\src\solvers.cpp">
      <Filter>Header Files\Alglib</Filter>
    </ClCompile>
    <ClCompile Include="libs\alglib-3.8.0.cpp\cpp\src\specialfunctions.cpp">
      <Filter>Header Files\Alglib</Filter>
    </ClCompile>
    <ClCompile Include="libs\alglib-3.8.0.cpp\cpp\src\statistics.cpp">
      <Filter>Header Files\Alglib</Filter>
    </ClCompile>
    <ClCompile Include="src\stdafx.cpp">
      <Filter>Source Files</Filter>
    </ClCompile>
  </ItemGroup>
  <ItemGroup>
    <Text Include="config.txt">
      <Filter>Resource Files</Filter>
    </Text>
    <Text Include="CMakeListsWin64.txt">
      <Filter>Resource Files</Filter>
    </Text>
    <Text Include="CMakeLists.txt">
      <Filter>Resource Files</Filter>
    </Text>
  </ItemGroup>
</Project>